<?xml version="1.0" encoding="utf-8"?>
<Project ToolsVersion="4.0" xmlns="http://schemas.microsoft.com/developer/msbuild/2003">
  <ItemGroup>
    <Filter Include="Source Files">
      <UniqueIdentifier>{4FC737F1-C7A5-4376-A066-2A32D752A2FF}</UniqueIdentifier>
      <Extensions>cpp;c;cc;cxx;c++;cppm;ixx;def;odl;idl;hpj;bat;asm;asmx</Extensions>
    </Filter>
    <Filter Include="Header Files">
      <UniqueIdentifier>{93995380-89BD-4b04-88EB-625FBE52EBFB}</UniqueIdentifier>
      <Extensions>h;hh;hpp;hxx;h++;hm;inl;inc;ipp;xsd</Extensions>
    </Filter>
    <Filter Include="Resource Files">
      <UniqueIdentifier>{67DA6AB6-F800-4c08-8B7A-83BB121AAD01}</UniqueIdentifier>
      <Extensions>rc;ico;cur;bmp;dlg;rc2;rct;bin;rgs;gif;jpg;jpeg;jpe;resx;tiff;tif;png;wav;mfcribbon-ms</Extensions>
    </Filter>
    <Filter Include="Header Files\Shapes">
      <UniqueIdentifier>{4ee5be28-0670-4f8a-8adb-ae98620b2694}</UniqueIdentifier>
    </Filter>
    <Filter Include="Header Files\Algorithms">
      <UniqueIdentifier>{486187d6-8902-41cc-b95d-b32ba192d232}</UniqueIdentifier>
    </Filter>
    <Filter Include="Header Files\RenderActions">
      <UniqueIdentifier>{f7c569ca-7a57-4e69-a932-fd62e7726427}</UniqueIdentifier>
    </Filter>
  </ItemGroup>
  <ItemGroup>
    <ClCompile Include="main.cpp">
      <Filter>Source Files</Filter>
    </ClCompile>
    <ClCompile Include="RenderPipeline.cpp">
      <Filter>Source Files</Filter>
    </ClCompile>
    <ClCompile Include="ConsoleMenu.cpp">
      <Filter>Source Files</Filter>
    </ClCompile>
    <ClCompile Include="CircleRenderAction.cpp">
      <Filter>Source Files</Filter>
    </ClCompile>
    <ClCompile Include="CircleAlgorithms.cpp">
      <Filter>Source Files</Filter>
    </ClCompile>
    <ClCompile Include="Input.cpp">
      <Filter>Source Files</Filter>
    </ClCompile>
    <ClCompile Include="Logger.cpp">
      <Filter>Source Files</Filter>
    </ClCompile>
    <ClCompile Include="WindowHandler.cpp">
      <Filter>Source Files</Filter>
    </ClCompile>
    <ClCompile Include="ShapeStore.cpp">
      <Filter>Source Files</Filter>
    </ClCompile>
    <ClCompile Include="ElipseAlgorithms.cpp">
      <Filter>Source Files</Filter>
    </ClCompile>
    <ClCompile Include="EllipseRenderAction.cpp">
      <Filter>Source Files</Filter>
    </ClCompile>
    <ClCompile Include="LineAlgorithms.cpp">
      <Filter>Source Files</Filter>
    </ClCompile>
    <ClCompile Include="LineRenderAction.cpp">
      <Filter>Source Files</Filter>
    </ClCompile>
    <ClCompile Include="filling.cpp">
      <Filter>Source Files</Filter>
    </ClCompile>
    <ClCompile Include="CurveAlgorithms.cpp">
      <Filter>Source Files</Filter>
    </ClCompile>
    <ClCompile Include="CurveRenderAction.cpp">
      <Filter>Source Files</Filter>
    </ClCompile>
    <ClCompile Include="FillingRenderer.cpp">
      <Filter>Source Files</Filter>
    </ClCompile>
    <ClCompile Include="FillingRenderAction.cpp">
      <Filter>Source Files</Filter>
    </ClCompile>
    <ClCompile Include="ClipAlgorithms.cpp">
      <Filter>Source Files</Filter>
    </ClCompile>
    <ClCompile Include="ClippingRenderAction.cpp">
      <Filter>Source Files</Filter>
    </ClCompile>
    <ClCompile Include="ClippingRenderer.cpp">
      <Filter>Source Files</Filter>
    </ClCompile>
  </ItemGroup>
  <ItemGroup>
    <ClInclude Include="AppContext.h">
      <Filter>Header Files</Filter>
    </ClInclude>
    <ClInclude Include="WindowHandler.h">
      <Filter>Header Files</Filter>
    </ClInclude>
    <ClInclude Include="ConsoleMenu.h">
      <Filter>Header Files</Filter>
    </ClInclude>
    <ClInclude Include="RenderPipeline.h">
      <Filter>Header Files</Filter>
    </ClInclude>
    <ClInclude Include="RenderMode.h">
      <Filter>Header Files</Filter>
    </ClInclude>
    <ClInclude Include="RenderCommand.h">
      <Filter>Header Files</Filter>
    </ClInclude>
    <ClInclude Include="RenderAction.h">
      <Filter>Header Files</Filter>
    </ClInclude>
    <ClInclude Include="Input.h">
      <Filter>Header Files</Filter>
    </ClInclude>
    <ClInclude Include="UtilTypes.h">
      <Filter>Header Files</Filter>
    </ClInclude>
    <ClInclude Include="Logger.h">
      <Filter>Header Files</Filter>
    </ClInclude>
    <ClInclude Include="ShapeRenderer.h">
      <Filter>Header Files</Filter>
    </ClInclude>
    <ClInclude Include="DirectCircleRenderer.h">
      <Filter>Header Files\Shapes</Filter>
    </ClInclude>
    <ClInclude Include="ShapeStore.h">
      <Filter>Header Files</Filter>
    </ClInclude>
    <ClInclude Include="MidPointCircleRenderer.h">
      <Filter>Header Files\Shapes</Filter>
    </ClInclude>
    <ClInclude Include="MidpointEllipseRenderer.h">
      <Filter>Header Files\Shapes</Filter>
    </ClInclude>
    <ClInclude Include="MidpointLineRenderer.h">
      <Filter>Header Files\Shapes</Filter>
    </ClInclude>
    <ClInclude Include="ModMidCircleRenderer.h">
      <Filter>Header Files\Shapes</Filter>
    </ClInclude>
    <ClInclude Include="ParametricLineRenderer.h">
      <Filter>Header Files\Shapes</Filter>
    </ClInclude>
    <ClInclude Include="PolarCircleRenderer.h">
      <Filter>Header Files\Shapes</Filter>
    </ClInclude>
    <ClInclude Include="PolarEllipseRenderer.h">
      <Filter>Header Files\Shapes</Filter>
    </ClInclude>
    <ClInclude Include="DDALineRenderer.h">
      <Filter>Header Files\Shapes</Filter>
    </ClInclude>
    <ClInclude Include="DirectEllipseRenderer.h">
      <Filter>Header Files\Shapes</Filter>
    </ClInclude>
    <ClInclude Include="IterPolarCircleRenderer.h">
      <Filter>Header Files\Shapes</Filter>
    </ClInclude>
    <ClInclude Include="CircleAlgorithms.h">
      <Filter>Header Files\Algorithms</Filter>
    </ClInclude>
    <ClInclude Include="ElipseAlgorithms.h">
      <Filter>Header Files\Algorithms</Filter>
    </ClInclude>
    <ClInclude Include="LineAlgorithms.h">
      <Filter>Header Files\Algorithms</Filter>
    </ClInclude>
    <ClInclude Include="CircleRenderAction.h">
      <Filter>Header Files\RenderActions</Filter>
    </ClInclude>
    <ClInclude Include="EllipseRenderAction.h">
      <Filter>Header Files\RenderActions</Filter>
    </ClInclude>
    <ClInclude Include="LineRenderAction.h">
      <Filter>Header Files\RenderActions</Filter>
    </ClInclude>
    <ClInclude Include="filling.h">
      <Filter>Header Files\Algorithms</Filter>
    </ClInclude>
    <ClInclude Include="CurveAlgorithms.h">
      <Filter>Header Files\Algorithms</Filter>
    </ClInclude>
    <ClInclude Include="CardinalCurveRenderer.h">
      <Filter>Header Files\Shapes</Filter>
    </ClInclude>
    <ClInclude Include="CurveRenderAction.h">
      <Filter>Header Files\RenderActions</Filter>
    </ClInclude>
    <ClInclude Include="FillingRenderAction.h">
      <Filter>Header Files\RenderActions</Filter>
    </ClInclude>
    <ClInclude Include="FillingRenderer.h">
      <Filter>Header Files\Shapes</Filter>
    </ClInclude>
    <ClInclude Include="ClipAlgorithms.h">
      <Filter>Header Files\Algorithms</Filter>
    </ClInclude>
    <ClInclude Include="ClippingRenderAction.h">
      <Filter>Header Files\RenderActions</Filter>
    </ClInclude>
    <ClInclude Include="ClippingRenderer.h">
      <Filter>Header Files\Shapes</Filter>
    </ClInclude>
  </ItemGroup>
</Project>